
Microsoft Visual Studio Solution File, Format Version 12.00
# Visual Studio Version 17
VisualStudioVersion = 17.11.35222.181
MinimumVisualStudioVersion = 10.0.40219.1
Project("{8BC9CEB8-8B4A-11D0-8D11-00A0C91BC942}") = "COAL", "COAL\COAL.vcxproj", "{FCA329FA-A4C4-4F83-9F55-D656747181CD}"
EndProject
Project("{8BC9CEB8-8B4A-11D0-8D11-00A0C91BC942}") = "Timer", "Timer\Timer.vcxproj", "{0362FA62-4984-4D31-A483-91FAE1E6E676}"
EndProject
Project("{8BC9CEB8-8B4A-11D0-8D11-00A0C91BC942}") = "MultiModule", "MultiModule\MultiModule.vcxproj", "{CD6647E4-AFC3-4EEF-A3A6-AFC0AA735980}"
EndProject
Global
	GlobalSection(SolutionConfigurationPlatforms) = preSolution
		Debug|x64 = Debug|x64
		Debug|x86 = Debug|x86
		Release|x64 = Release|x64
		Release|x86 = Release|x86
	EndGlobalSection
	GlobalSection(ProjectConfigurationPlatforms) = postSolution
		{FCA329FA-A4C4-4F83-9F55-D656747181CD}.Debug|x64.ActiveCfg = Debug|Win32
		{FCA329FA-A4C4-4F83-9F55-D656747181CD}.Debug|x64.Build.0 = Debug|Win32
		{FCA329FA-A4C4-4F83-9F55-D656747181CD}.Debug|x86.ActiveCfg = Debug|Win32
		{FCA329FA-A4C4-4F83-9F55-D656747181CD}.Debug|x86.Build.0 = Debug|Win32
		{FCA329FA-A4C4-4F83-9F55-D656747181CD}.Release|x64.ActiveCfg = Release|x64
		{FCA329FA-A4C4-4F83-9F55-D656747181CD}.Release|x64.Build.0 = Release|x64
		{FCA329FA-A4C4-4F83-9F55-D656747181CD}.Release|x86.ActiveCfg = Release|Win32
		{FCA329FA-A4C4-4F83-9F55-D656747181CD}.Release|x86.Build.0 = Release|Win32
		{0362FA62-4984-4D31-A483-91FAE1E6E676}.Debug|x64.ActiveCfg = Debug|x64
		{0362FA62-4984-4D31-A483-91FAE1E6E676}.Debug|x64.Build.0 = Debug|x64
		{0362FA62-4984-4D31-A483-91FAE1E6E676}.Debug|x86.ActiveCfg = Debug|Win32
		{0362FA62-4984-4D31-A483-91FAE1E6E676}.Debug|x86.Build.0 = Debug|Win32
		{0362FA62-4984-4D31-A483-91FAE1E6E676}.Release|x64.ActiveCfg = Release|x64
		{0362FA62-4984-4D31-A483-91FAE1E6E676}.Release|x64.Build.0 = Release|x64
		{0362FA62-4984-4D31-A483-91FAE1E6E676}.Release|x86.ActiveCfg = Release|Win32
		{0362FA62-4984-4D31-A483-91FAE1E6E676}.Release|x86.Build.0 = Release|Win32
		{CD6647E4-AFC3-4EEF-A3A6-AFC0AA735980}.Debug|x64.ActiveCfg = Debug|x64
		{CD6647E4-AFC3-4EEF-A3A6-AFC0AA735980}.Debug|x64.Build.0 = Debug|x64
		{CD6647E4-AFC3-4EEF-A3A6-AFC0AA735980}.Debug|x86.ActiveCfg = Debug|Win32
		{CD6647E4-AFC3-4EEF-A3A6-AFC0AA735980}.Debug|x86.Build.0 = Debug|Win32
		{CD6647E4-AFC3-4EEF-A3A6-AFC0AA735980}.Release|x64.ActiveCfg = Release|x64
		{CD6647E4-AFC3-4EEF-A3A6-AFC0AA735980}.Release|x64.Build.0 = Release|x64
		{CD6647E4-AFC3-4EEF-A3A6-AFC0AA735980}.Release|x86.ActiveCfg = Release|Win32
		{CD6647E4-AFC3-4EEF-A3A6-AFC0AA735980}.Release|x86.Build.0 = Release|Win32
	EndGlobalSection
	GlobalSection(SolutionProperties) = preSolution
		HideSolutionNode = FALSE
	EndGlobalSection
	GlobalSection(ExtensibilityGlobals) = postSolution
		SolutionGuid = {FDD54116-5B19-4EAD-9340-BBFDAD364464}
	EndGlobalSection
EndGlobal
